
Microsoft Visual Studio Solution File, Format Version 12.00
# Visual Studio 2013
VisualStudioVersion = 12.0.21005.1
MinimumVisualStudioVersion = 10.0.40219.1
Project("{FAE04EC0-301F-11D3-BF4B-00C04F79EFBC}") = "HQH.OA.Common", "HQH.OA.Common\HQH.OA.Common.csproj", "{EEE2A5F5-D51D-4110-9287-C5EDB772456B}"
EndProject
Project("{FAE04EC0-301F-11D3-BF4B-00C04F79EFBC}") = "HQH.OA.BLL", "HQH.OA.BLL\HQH.OA.BLL.csproj", "{88979D00-1269-4A64-BD3E-69970D3D2AB1}"
EndProject
Project("{FAE04EC0-301F-11D3-BF4B-00C04F79EFBC}") = "HQH.OA.Model", "HQH.OA.Model\HQH.OA.Model.csproj", "{9D6215CB-8801-4604-9075-5A2F735253DA}"
EndProject
Project("{FAE04EC0-301F-11D3-BF4B-00C04F79EFBC}") = "HQH.OA.UI.Portal", "HQH.OA.UI.Portal\HQH.OA.UI.Portal.csproj", "{57AF7A87-C11B-446D-91CB-E3A5B6C936FF}"
EndProject
Project("{FAE04EC0-301F-11D3-BF4B-00C04F79EFBC}") = "HQH.OA.UI.Portal.Tests", "HQH.OA.UI.Portal.Tests\HQH.OA.UI.Portal.Tests.csproj", "{95AFFFA4-E51D-483C-9E29-010972CA2F4E}"
EndProject
Project("{FAE04EC0-301F-11D3-BF4B-00C04F79EFBC}") = "HQH.OA.DAL", "HQH.OA.DAL\HQH.OA.DAL.csproj", "{ADD82CBA-B051-4DF0-8B3B-F55E03A79951}"
EndProject
Project("{FAE04EC0-301F-11D3-BF4B-00C04F79EFBC}") = "HQH.OA.IDAL", "HQH.OA.IDAL\HQH.OA.IDAL.csproj", "{92A7DE19-FF01-4DCB-8649-70133533A7C7}"
EndProject
Project("{FAE04EC0-301F-11D3-BF4B-00C04F79EFBC}") = "HQH.OA.StaticDalFactory", "HQH.OA.StaticDalFactory\HQH.OA.StaticDalFactory.csproj", "{E0034A75-3AB1-4B16-8C1E-ADD1EB1154D7}"
EndProject
Global
	GlobalSection(SolutionConfigurationPlatforms) = preSolution
		Debug|Any CPU = Debug|Any CPU
		Release|Any CPU = Release|Any CPU
	EndGlobalSection
	GlobalSection(ProjectConfigurationPlatforms) = postSolution
		{EEE2A5F5-D51D-4110-9287-C5EDB772456B}.Debug|Any CPU.ActiveCfg = Debug|Any CPU
		{EEE2A5F5-D51D-4110-9287-C5EDB772456B}.Debug|Any CPU.Build.0 = Debug|Any CPU
		{EEE2A5F5-D51D-4110-9287-C5EDB772456B}.Release|Any CPU.ActiveCfg = Release|Any CPU
		{EEE2A5F5-D51D-4110-9287-C5EDB772456B}.Release|Any CPU.Build.0 = Release|Any CPU
		{88979D00-1269-4A64-BD3E-69970D3D2AB1}.Debug|Any CPU.ActiveCfg = Debug|Any CPU
		{88979D00-1269-4A64-BD3E-69970D3D2AB1}.Debug|Any CPU.Build.0 = Debug|Any CPU
		{88979D00-1269-4A64-BD3E-69970D3D2AB1}.Release|Any CPU.ActiveCfg = Release|Any CPU
		{88979D00-1269-4A64-BD3E-69970D3D2AB1}.Release|Any CPU.Build.0 = Release|Any CPU
		{9D6215CB-8801-4604-9075-5A2F735253DA}.Debug|Any CPU.ActiveCfg = Debug|Any CPU
		{9D6215CB-8801-4604-9075-5A2F735253DA}.Debug|Any CPU.Build.0 = Debug|Any CPU
		{9D6215CB-8801-4604-9075-5A2F735253DA}.Release|Any CPU.ActiveCfg = Release|Any CPU
		{9D6215CB-8801-4604-9075-5A2F735253DA}.Release|Any CPU.Build.0 = Release|Any CPU
		{57AF7A87-C11B-446D-91CB-E3A5B6C936FF}.Debug|Any CPU.ActiveCfg = Debug|Any CPU
		{57AF7A87-C11B-446D-91CB-E3A5B6C936FF}.Debug|Any CPU.Build.0 = Debug|Any CPU
		{57AF7A87-C11B-446D-91CB-E3A5B6C936FF}.Release|Any CPU.ActiveCfg = Release|Any CPU
		{57AF7A87-C11B-446D-91CB-E3A5B6C936FF}.Release|Any CPU.Build.0 = Release|Any CPU
		{95AFFFA4-E51D-483C-9E29-010972CA2F4E}.Debug|Any CPU.ActiveCfg = Debug|Any CPU
		{95AFFFA4-E51D-483C-9E29-010972CA2F4E}.Debug|Any CPU.Build.0 = Debug|Any CPU
		{95AFFFA4-E51D-483C-9E29-010972CA2F4E}.Release|Any CPU.ActiveCfg = Release|Any CPU
		{95AFFFA4-E51D-483C-9E29-010972CA2F4E}.Release|Any CPU.Build.0 = Release|Any CPU
		{ADD82CBA-B051-4DF0-8B3B-F55E03A79951}.Debug|Any CPU.ActiveCfg = Debug|Any CPU
		{ADD82CBA-B051-4DF0-8B3B-F55E03A79951}.Debug|Any CPU.Build.0 = Debug|Any CPU
		{ADD82CBA-B051-4DF0-8B3B-F55E03A79951}.Release|Any CPU.ActiveCfg = Release|Any CPU
		{ADD82CBA-B051-4DF0-8B3B-F55E03A79951}.Release|Any CPU.Build.0 = Release|Any CPU
		{92A7DE19-FF01-4DCB-8649-70133533A7C7}.Debug|Any CPU.ActiveCfg = Debug|Any CPU
		{92A7DE19-FF01-4DCB-8649-70133533A7C7}.Debug|Any CPU.Build.0 = Debug|Any CPU
		{92A7DE19-FF01-4DCB-8649-70133533A7C7}.Release|Any CPU.ActiveCfg = Release|Any CPU
		{92A7DE19-FF01-4DCB-8649-70133533A7C7}.Release|Any CPU.Build.0 = Release|Any CPU
		{E0034A75-3AB1-4B16-8C1E-ADD1EB1154D7}.Debug|Any CPU.ActiveCfg = Debug|Any CPU
		{E0034A75-3AB1-4B16-8C1E-ADD1EB1154D7}.Debug|Any CPU.Build.0 = Debug|Any CPU
		{E0034A75-3AB1-4B16-8C1E-ADD1EB1154D7}.Release|Any CPU.ActiveCfg = Release|Any CPU
		{E0034A75-3AB1-4B16-8C1E-ADD1EB1154D7}.Release|Any CPU.Build.0 = Release|Any CPU
	EndGlobalSection
	GlobalSection(SolutionProperties) = preSolution
		HideSolutionNode = FALSE
	EndGlobalSection
EndGlobal
