
Microsoft Visual Studio Solution File, Format Version 12.00
# Visual Studio 2013
VisualStudioVersion = 12.0.21005.1
MinimumVisualStudioVersion = 10.0.40219.1
Project("{FAE04EC0-301F-11D3-BF4B-00C04F79EFBC}") = "HQH.OA.Common", "HQH.OA.Common\HQH.OA.Common.csproj", "{EEE2A5F5-D51D-4110-9287-C5EDB772456B}"
EndProject
Project("{FAE04EC0-301F-11D3-BF4B-00C04F79EFBC}") = "HQH.OA.BLL", "HQH.OA.BLL\HQH.OA.BLL.csproj", "{88979D00-1269-4A64-BD3E-69970D3D2AB1}"
EndProject
Project("{FAE04EC0-301F-11D3-BF4B-00C04F79EFBC}") = "HQH.OA.Model", "HQH.OA.Model\HQH.OA.Model.csproj", "{9D6215CB-8801-4604-9075-5A2F735253DA}"
EndProject
Project("{FAE04EC0-301F-11D3-BF4B-00C04F79EFBC}") = "HQH.OA.UI.Portal", "HQH.OA.UI.Portal\HQH.OA.UI.Portal.csproj", "{57AF7A87-C11B-446D-91CB-E3A5B6C936FF}"
EndProject
Project("{FAE04EC0-301F-11D3-BF4B-00C04F79EFBC}") = "HQH.OA.UI.Portal.Tests", "HQH.OA.UI.Portal.Tests\HQH.OA.UI.Portal.Tests.csproj", "{95AFFFA4-E51D-483C-9E29-010972CA2F4E}"
EndProject
Project("{FAE04EC0-301F-11D3-BF4B-00C04F79EFBC}") = "HQH.OA.DAL", "HQH.OA.DAL\HQH.OA.DAL.csproj", "{ADD82CBA-B051-4DF0-8B3B-F55E03A79951}"
EndProject
Project("{FAE04EC0-301F-11D3-BF4B-00C04F79EFBC}") = "HQH.OA.IDAL", "HQH.OA.IDAL\HQH.OA.IDAL.csproj", "{92A7DE19-FF01-4DCB-8649-70133533A7C7}"
EndProject
Project("{FAE04EC0-301F-11D3-BF4B-00C04F79EFBC}") = "HQH.OA.DalFactory", "HQH.OA.DalFactory\HQH.OA.DalFactory.csproj", "{897E76A7-33EF-49FD-A773-CF7D2C2952FC}"
EndProject
Project("{FAE04EC0-301F-11D3-BF4B-00C04F79EFBC}") = "HQH.OA.IBLL", "HQH.OA.IBLL\HQH.OA.IBLL.csproj", "{64348DEB-D94A-4EAA-A3E9-9B565740CC40}"
EndProject
Project("{2150E333-8FDC-42A3-9474-1A3956D46DE8}") = "DAL", "DAL", "{D88EBA3A-DCD5-4DAD-96A4-5F1F9967DB7D}"
EndProject
Project("{2150E333-8FDC-42A3-9474-1A3956D46DE8}") = "BLL", "BLL", "{BF9DEDE8-19F9-4829-A537-7F5D1E09FBB9}"
EndProject
Project("{2150E333-8FDC-42A3-9474-1A3956D46DE8}") = "Common", "Common", "{AC2E23DC-B1A6-410F-8B3D-DEB1C1DD0DF6}"
EndProject
Project("{2150E333-8FDC-42A3-9474-1A3956D46DE8}") = "Model", "Model", "{7A87CEFF-CAB5-4A3B-963F-05D4515FEB9C}"
EndProject
Project("{2150E333-8FDC-42A3-9474-1A3956D46DE8}") = "UI", "UI", "{A215D6E8-2D85-4A8E-89BE-7C6C06A26455}"
EndProject
Project("{2150E333-8FDC-42A3-9474-1A3956D46DE8}") = "UnitTest", "UnitTest", "{A75D4403-F252-4807-B786-59E1B72543B8}"
EndProject
Project("{2150E333-8FDC-42A3-9474-1A3956D46DE8}") = "Demos", "Demos", "{49521CAD-B758-4FE8-A5FB-DA38CB1BD7FA}"
EndProject
Project("{FAE04EC0-301F-11D3-BF4B-00C04F79EFBC}") = "SpringNetDemoOne", "SpringNetDemoOne\SpringNetDemoOne.csproj", "{123C04A4-8DD1-476B-BBA9-88A6A3B950E5}"
EndProject
Global
	GlobalSection(SolutionConfigurationPlatforms) = preSolution
		Debug|Any CPU = Debug|Any CPU
		Release|Any CPU = Release|Any CPU
	EndGlobalSection
	GlobalSection(ProjectConfigurationPlatforms) = postSolution
		{EEE2A5F5-D51D-4110-9287-C5EDB772456B}.Debug|Any CPU.ActiveCfg = Debug|Any CPU
		{EEE2A5F5-D51D-4110-9287-C5EDB772456B}.Debug|Any CPU.Build.0 = Debug|Any CPU
		{EEE2A5F5-D51D-4110-9287-C5EDB772456B}.Release|Any CPU.ActiveCfg = Release|Any CPU
		{EEE2A5F5-D51D-4110-9287-C5EDB772456B}.Release|Any CPU.Build.0 = Release|Any CPU
		{88979D00-1269-4A64-BD3E-69970D3D2AB1}.Debug|Any CPU.ActiveCfg = Debug|Any CPU
		{88979D00-1269-4A64-BD3E-69970D3D2AB1}.Debug|Any CPU.Build.0 = Debug|Any CPU
		{88979D00-1269-4A64-BD3E-69970D3D2AB1}.Release|Any CPU.ActiveCfg = Release|Any CPU
		{88979D00-1269-4A64-BD3E-69970D3D2AB1}.Release|Any CPU.Build.0 = Release|Any CPU
		{9D6215CB-8801-4604-9075-5A2F735253DA}.Debug|Any CPU.ActiveCfg = Debug|Any CPU
		{9D6215CB-8801-4604-9075-5A2F735253DA}.Debug|Any CPU.Build.0 = Debug|Any CPU
		{9D6215CB-8801-4604-9075-5A2F735253DA}.Release|Any CPU.ActiveCfg = Release|Any CPU
		{9D6215CB-8801-4604-9075-5A2F735253DA}.Release|Any CPU.Build.0 = Release|Any CPU
		{57AF7A87-C11B-446D-91CB-E3A5B6C936FF}.Debug|Any CPU.ActiveCfg = Debug|Any CPU
		{57AF7A87-C11B-446D-91CB-E3A5B6C936FF}.Debug|Any CPU.Build.0 = Debug|Any CPU
		{57AF7A87-C11B-446D-91CB-E3A5B6C936FF}.Release|Any CPU.ActiveCfg = Release|Any CPU
		{57AF7A87-C11B-446D-91CB-E3A5B6C936FF}.Release|Any CPU.Build.0 = Release|Any CPU
		{95AFFFA4-E51D-483C-9E29-010972CA2F4E}.Debug|Any CPU.ActiveCfg = Debug|Any CPU
		{95AFFFA4-E51D-483C-9E29-010972CA2F4E}.Debug|Any CPU.Build.0 = Debug|Any CPU
		{95AFFFA4-E51D-483C-9E29-010972CA2F4E}.Release|Any CPU.ActiveCfg = Release|Any CPU
		{95AFFFA4-E51D-483C-9E29-010972CA2F4E}.Release|Any CPU.Build.0 = Release|Any CPU
		{ADD82CBA-B051-4DF0-8B3B-F55E03A79951}.Debug|Any CPU.ActiveCfg = Debug|Any CPU
		{ADD82CBA-B051-4DF0-8B3B-F55E03A79951}.Debug|Any CPU.Build.0 = Debug|Any CPU
		{ADD82CBA-B051-4DF0-8B3B-F55E03A79951}.Release|Any CPU.ActiveCfg = Release|Any CPU
		{ADD82CBA-B051-4DF0-8B3B-F55E03A79951}.Release|Any CPU.Build.0 = Release|Any CPU
		{92A7DE19-FF01-4DCB-8649-70133533A7C7}.Debug|Any CPU.ActiveCfg = Debug|Any CPU
		{92A7DE19-FF01-4DCB-8649-70133533A7C7}.Debug|Any CPU.Build.0 = Debug|Any CPU
		{92A7DE19-FF01-4DCB-8649-70133533A7C7}.Release|Any CPU.ActiveCfg = Release|Any CPU
		{92A7DE19-FF01-4DCB-8649-70133533A7C7}.Release|Any CPU.Build.0 = Release|Any CPU
		{897E76A7-33EF-49FD-A773-CF7D2C2952FC}.Debug|Any CPU.ActiveCfg = Debug|Any CPU
		{897E76A7-33EF-49FD-A773-CF7D2C2952FC}.Debug|Any CPU.Build.0 = Debug|Any CPU
		{897E76A7-33EF-49FD-A773-CF7D2C2952FC}.Release|Any CPU.ActiveCfg = Release|Any CPU
		{897E76A7-33EF-49FD-A773-CF7D2C2952FC}.Release|Any CPU.Build.0 = Release|Any CPU
		{64348DEB-D94A-4EAA-A3E9-9B565740CC40}.Debug|Any CPU.ActiveCfg = Debug|Any CPU
		{64348DEB-D94A-4EAA-A3E9-9B565740CC40}.Debug|Any CPU.Build.0 = Debug|Any CPU
		{64348DEB-D94A-4EAA-A3E9-9B565740CC40}.Release|Any CPU.ActiveCfg = Release|Any CPU
		{64348DEB-D94A-4EAA-A3E9-9B565740CC40}.Release|Any CPU.Build.0 = Release|Any CPU
		{123C04A4-8DD1-476B-BBA9-88A6A3B950E5}.Debug|Any CPU.ActiveCfg = Debug|Any CPU
		{123C04A4-8DD1-476B-BBA9-88A6A3B950E5}.Debug|Any CPU.Build.0 = Debug|Any CPU
		{123C04A4-8DD1-476B-BBA9-88A6A3B950E5}.Release|Any CPU.ActiveCfg = Release|Any CPU
		{123C04A4-8DD1-476B-BBA9-88A6A3B950E5}.Release|Any CPU.Build.0 = Release|Any CPU
	EndGlobalSection
	GlobalSection(SolutionProperties) = preSolution
		HideSolutionNode = FALSE
	EndGlobalSection
	GlobalSection(NestedProjects) = preSolution
		{EEE2A5F5-D51D-4110-9287-C5EDB772456B} = {AC2E23DC-B1A6-410F-8B3D-DEB1C1DD0DF6}
		{64348DEB-D94A-4EAA-A3E9-9B565740CC40} = {BF9DEDE8-19F9-4829-A537-7F5D1E09FBB9}
		{88979D00-1269-4A64-BD3E-69970D3D2AB1} = {BF9DEDE8-19F9-4829-A537-7F5D1E09FBB9}
		{9D6215CB-8801-4604-9075-5A2F735253DA} = {7A87CEFF-CAB5-4A3B-963F-05D4515FEB9C}
		{57AF7A87-C11B-446D-91CB-E3A5B6C936FF} = {A215D6E8-2D85-4A8E-89BE-7C6C06A26455}
		{95AFFFA4-E51D-483C-9E29-010972CA2F4E} = {A75D4403-F252-4807-B786-59E1B72543B8}
		{92A7DE19-FF01-4DCB-8649-70133533A7C7} = {D88EBA3A-DCD5-4DAD-96A4-5F1F9967DB7D}
		{897E76A7-33EF-49FD-A773-CF7D2C2952FC} = {D88EBA3A-DCD5-4DAD-96A4-5F1F9967DB7D}
		{ADD82CBA-B051-4DF0-8B3B-F55E03A79951} = {D88EBA3A-DCD5-4DAD-96A4-5F1F9967DB7D}
		{123C04A4-8DD1-476B-BBA9-88A6A3B950E5} = {49521CAD-B758-4FE8-A5FB-DA38CB1BD7FA}
	EndGlobalSection
	GlobalSection(ExtensibilityGlobals) = postSolution
		SolutionGuid = {15205BD5-2065-4FF8-BDB9-6355115D6D23}
	EndGlobalSection
EndGlobal
